
Microsoft Visual Studio Solution File, Format Version 12.00
# Visual Studio Version 17
VisualStudioVersion = 17.7.34031.279
MinimumVisualStudioVersion = 10.0.40219.1
Project("{FAE04EC0-301F-11D3-BF4B-00C04F79EFBC}") = "SafiullinKarim320_RaandNuby", "SafiullinKarim320_RaandNuby\SafiullinKarim320_RaandNuby.csproj", "{42DA9792-9899-4B9B-97BD-462B0A993638}"
EndProject
Global
	GlobalSection(SolutionConfigurationPlatforms) = preSolution
		Debug|Any CPU = Debug|Any CPU
		Release|Any CPU = Release|Any CPU
	EndGlobalSection
	GlobalSection(ProjectConfigurationPlatforms) = postSolution
		{42DA9792-9899-4B9B-97BD-462B0A993638}.Debug|Any CPU.ActiveCfg = Debug|Any CPU
		{42DA9792-9899-4B9B-97BD-462B0A993638}.Debug|Any CPU.Build.0 = Debug|Any CPU
		{42DA9792-9899-4B9B-97BD-462B0A993638}.Release|Any CPU.ActiveCfg = Release|Any CPU
		{42DA9792-9899-4B9B-97BD-462B0A993638}.Release|Any CPU.Build.0 = Release|Any CPU
	EndGlobalSection
	GlobalSection(SolutionProperties) = preSolution
		HideSolutionNode = FALSE
	EndGlobalSection
	GlobalSection(ExtensibilityGlobals) = postSolution
		SolutionGuid = {3AE09171-8FD4-45BE-94C9-1F81C538A56F}
	EndGlobalSection
EndGlobal
